
Microsoft Visual Studio Solution File, Format Version 12.00
# Visual Studio Version 17
VisualStudioVersion = 17.1.32127.271
MinimumVisualStudioVersion = 10.0.40219.1
Project("{FAE04EC0-301F-11D3-BF4B-00C04F79EFBC}") = "BaseProject", "BaseProject\BaseProject.csproj", "{58EBE975-3240-4202-83BA-F526132CB978}"
EndProject
Global
	GlobalSection(SolutionConfigurationPlatforms) = preSolution
		Debug|Any CPU = Debug|Any CPU
		Release|Any CPU = Release|Any CPU
	EndGlobalSection
	GlobalSection(ProjectConfigurationPlatforms) = postSolution
		{58EBE975-3240-4202-83BA-F526132CB978}.Debug|Any CPU.ActiveCfg = Debug|Any CPU
		{58EBE975-3240-4202-83BA-F526132CB978}.Debug|Any CPU.Build.0 = Debug|Any CPU
		{58EBE975-3240-4202-83BA-F526132CB978}.Release|Any CPU.ActiveCfg = Release|Any CPU
		{58EBE975-3240-4202-83BA-F526132CB978}.Release|Any CPU.Build.0 = Release|Any CPU
	EndGlobalSection
	GlobalSection(SolutionProperties) = preSolution
		HideSolutionNode = FALSE
	EndGlobalSection
	GlobalSection(ExtensibilityGlobals) = postSolution
		SolutionGuid = {2D6364D9-7F88-4231-969A-4E40D7A36068}
	EndGlobalSection
EndGlobal
